// !$*UTF8*$!
{
	archiveVersion = 1;
	classes = {
	};
	objectVersion = 46;
	objects = {

/* Begin PBXBuildFile section */
		AB2190913DD03E155805E2E7 /* libPods-TestOCWeiBo.a in Frameworks */ = {isa = PBXBuildFile; fileRef = 9320DA87FF26610F54F6C4CE /* libPods-TestOCWeiBo.a */; };
		F30A84661D519AD400B00B40 /* main.m in Sources */ = {isa = PBXBuildFile; fileRef = F30A84651D519AD400B00B40 /* main.m */; };
		F30A84691D519AD400B00B40 /* AppDelegate.m in Sources */ = {isa = PBXBuildFile; fileRef = F30A84681D519AD400B00B40 /* AppDelegate.m */; };
		F30A84711D519AD400B00B40 /* Assets.xcassets in Resources */ = {isa = PBXBuildFile; fileRef = F30A84701D519AD400B00B40 /* Assets.xcassets */; };
		F30A84741D519AD400B00B40 /* LaunchScreen.storyboard in Resources */ = {isa = PBXBuildFile; fileRef = F30A84721D519AD400B00B40 /* LaunchScreen.storyboard */; };
		F30A847F1D519AD400B00B40 /* TestOCWeiBoTests.m in Sources */ = {isa = PBXBuildFile; fileRef = F30A847E1D519AD400B00B40 /* TestOCWeiBoTests.m */; };
		F30A848A1D519AD400B00B40 /* TestOCWeiBoUITests.m in Sources */ = {isa = PBXBuildFile; fileRef = F30A84891D519AD400B00B40 /* TestOCWeiBoUITests.m */; };
		F30A84AF1D51B9C800B00B40 /* IWDiscoverViewController.m in Sources */ = {isa = PBXBuildFile; fileRef = F30A849A1D51B9C800B00B40 /* IWDiscoverViewController.m */; };
		F30A84B01D51B9C800B00B40 /* IWMeViewController.m in Sources */ = {isa = PBXBuildFile; fileRef = F30A84A01D51B9C800B00B40 /* IWMeViewController.m */; };
		F30A84B11D51B9C800B00B40 /* IWHomeViewController.m in Sources */ = {isa = PBXBuildFile; fileRef = F30A84A61D51B9C800B00B40 /* IWHomeViewController.m */; };
		F30A84B21D51B9C800B00B40 /* IWMessageViewController.m in Sources */ = {isa = PBXBuildFile; fileRef = F30A84AC1D51B9C800B00B40 /* IWMessageViewController.m */; };
		F30A84BB1D51CA6800B00B40 /* MainTabBarViewController.m in Sources */ = {isa = PBXBuildFile; fileRef = F30A84BA1D51CA6800B00B40 /* MainTabBarViewController.m */; };
		F30A84BE1D51E70F00B00B40 /* CustomTabbar.m in Sources */ = {isa = PBXBuildFile; fileRef = F30A84BD1D51E70F00B00B40 /* CustomTabbar.m */; };
		F30A84C11D51E9FC00B00B40 /* CustomTabBarButton.m in Sources */ = {isa = PBXBuildFile; fileRef = F30A84C01D51E9FC00B00B40 /* CustomTabBarButton.m */; };
		F30A84C41D51EA9D00B00B40 /* CustomBadgeButton.m in Sources */ = {isa = PBXBuildFile; fileRef = F30A84C31D51EA9D00B00B40 /* CustomBadgeButton.m */; };
		F3BCA8E81D5469EB0040AE98 /* UIView+frame.m in Sources */ = {isa = PBXBuildFile; fileRef = F3BCA8E71D5469EB0040AE98 /* UIView+frame.m */; };
		F3CBAE121D598041005D5A09 /* GuidePageViewController.m in Sources */ = {isa = PBXBuildFile; fileRef = F3CBAE111D598041005D5A09 /* GuidePageViewController.m */; };
		F3DA74E21D581DE30004F675 /* MainNavigationController.m in Sources */ = {isa = PBXBuildFile; fileRef = F3DA74E11D581DE30004F675 /* MainNavigationController.m */; };
		F3DA74E51D5851AB0004F675 /* UIBarButtonItem+HeadName.m in Sources */ = {isa = PBXBuildFile; fileRef = F3DA74E41D5851AB0004F675 /* UIBarButtonItem+HeadName.m */; };
		F3DA74E81D5857CA0004F675 /* PublicMethod.m in Sources */ = {isa = PBXBuildFile; fileRef = F3DA74E71D5857CA0004F675 /* PublicMethod.m */; };
		F3DA74EB1D5858660004F675 /* UILabel+Size.m in Sources */ = {isa = PBXBuildFile; fileRef = F3DA74EA1D5858660004F675 /* UILabel+Size.m */; };
		F3DA74EE1D5864C10004F675 /* UIImage+Size.m in Sources */ = {isa = PBXBuildFile; fileRef = F3DA74ED1D5864C10004F675 /* UIImage+Size.m */; };
		F3DA74F21D5873C40004F675 /* IWTitleButton.m in Sources */ = {isa = PBXBuildFile; fileRef = F3DA74F11D5873C40004F675 /* IWTitleButton.m */; };
		F3DA74F91D587A7B0004F675 /* TitleView.xib in Resources */ = {isa = PBXBuildFile; fileRef = F3DA74F81D587A7B0004F675 /* TitleView.xib */; };
		F3DA74FC1D587A940004F675 /* TitleView.m in Sources */ = {isa = PBXBuildFile; fileRef = F3DA74FB1D587A940004F675 /* TitleView.m */; };
/* End PBXBuildFile section */

/* Begin PBXContainerItemProxy section */
		F30A847B1D519AD400B00B40 /* PBXContainerItemProxy */ = {
			isa = PBXContainerItemProxy;
			containerPortal = F30A84591D519AD400B00B40 /* Project object */;
			proxyType = 1;
			remoteGlobalIDString = F30A84601D519AD400B00B40;
			remoteInfo = TestOCWeiBo;
		};
		F30A84861D519AD400B00B40 /* PBXContainerItemProxy */ = {
			isa = PBXContainerItemProxy;
			containerPortal = F30A84591D519AD400B00B40 /* Project object */;
			proxyType = 1;
			remoteGlobalIDString = F30A84601D519AD400B00B40;
			remoteInfo = TestOCWeiBo;
		};
/* End PBXContainerItemProxy section */

/* Begin PBXFileReference section */
		535FCB20937B5945E76A00C1 /* Pods-TestOCWeiBo.debug.xcconfig */ = {isa = PBXFileReference; includeInIndex = 1; lastKnownFileType = text.xcconfig; name = "Pods-TestOCWeiBo.debug.xcconfig"; path = "Pods/Target Support Files/Pods-TestOCWeiBo/Pods-TestOCWeiBo.debug.xcconfig"; sourceTree = "<group>"; };
		8135EEEB9740D02E5725D6C7 /* Pods-TestOCWeiBo.release.xcconfig */ = {isa = PBXFileReference; includeInIndex = 1; lastKnownFileType = text.xcconfig; name = "Pods-TestOCWeiBo.release.xcconfig"; path = "Pods/Target Support Files/Pods-TestOCWeiBo/Pods-TestOCWeiBo.release.xcconfig"; sourceTree = "<group>"; };
		9320DA87FF26610F54F6C4CE /* libPods-TestOCWeiBo.a */ = {isa = PBXFileReference; explicitFileType = archive.ar; includeInIndex = 0; path = "libPods-TestOCWeiBo.a"; sourceTree = BUILT_PRODUCTS_DIR; };
		F30A84611D519AD400B00B40 /* TestOCWeiBo.app */ = {isa = PBXFileReference; explicitFileType = wrapper.application; includeInIndex = 0; path = TestOCWeiBo.app; sourceTree = BUILT_PRODUCTS_DIR; };
		F30A84651D519AD400B00B40 /* main.m */ = {isa = PBXFileReference; lastKnownFileType = sourcecode.c.objc; path = main.m; sourceTree = "<group>"; };
		F30A84671D519AD400B00B40 /* AppDelegate.h */ = {isa = PBXFileReference; lastKnownFileType = sourcecode.c.h; name = AppDelegate.h; path = ../AppDelegate.h; sourceTree = "<group>"; };
		F30A84681D519AD400B00B40 /* AppDelegate.m */ = {isa = PBXFileReference; lastKnownFileType = sourcecode.c.objc; name = AppDelegate.m; path = ../AppDelegate.m; sourceTree = "<group>"; };
		F30A84701D519AD400B00B40 /* Assets.xcassets */ = {isa = PBXFileReference; lastKnownFileType = folder.assetcatalog; name = Assets.xcassets; path = ../Assets.xcassets; sourceTree = "<group>"; };
		F30A84731D519AD400B00B40 /* Base */ = {isa = PBXFileReference; lastKnownFileType = file.storyboard; name = Base; path = Base.lproj/LaunchScreen.storyboard; sourceTree = "<group>"; };
		F30A84751D519AD400B00B40 /* Info.plist */ = {isa = PBXFileReference; lastKnownFileType = text.plist.xml; name = Info.plist; path = ../Info.plist; sourceTree = "<group>"; };
		F30A847A1D519AD400B00B40 /* TestOCWeiBoTests.xctest */ = {isa = PBXFileReference; explicitFileType = wrapper.cfbundle; includeInIndex = 0; path = TestOCWeiBoTests.xctest; sourceTree = BUILT_PRODUCTS_DIR; };
		F30A847E1D519AD400B00B40 /* TestOCWeiBoTests.m */ = {isa = PBXFileReference; lastKnownFileType = sourcecode.c.objc; path = TestOCWeiBoTests.m; sourceTree = "<group>"; };
		F30A84801D519AD400B00B40 /* Info.plist */ = {isa = PBXFileReference; lastKnownFileType = text.plist.xml; path = Info.plist; sourceTree = "<group>"; };
		F30A84851D519AD400B00B40 /* TestOCWeiBoUITests.xctest */ = {isa = PBXFileReference; explicitFileType = wrapper.cfbundle; includeInIndex = 0; path = TestOCWeiBoUITests.xctest; sourceTree = BUILT_PRODUCTS_DIR; };
		F30A84891D519AD400B00B40 /* TestOCWeiBoUITests.m */ = {isa = PBXFileReference; lastKnownFileType = sourcecode.c.objc; path = TestOCWeiBoUITests.m; sourceTree = "<group>"; };
		F30A848B1D519AD400B00B40 /* Info.plist */ = {isa = PBXFileReference; lastKnownFileType = text.plist.xml; path = Info.plist; sourceTree = "<group>"; };
		F30A84991D51B9C800B00B40 /* IWDiscoverViewController.h */ = {isa = PBXFileReference; fileEncoding = 4; lastKnownFileType = sourcecode.c.h; path = IWDiscoverViewController.h; sourceTree = "<group>"; };
		F30A849A1D51B9C800B00B40 /* IWDiscoverViewController.m */ = {isa = PBXFileReference; fileEncoding = 4; lastKnownFileType = sourcecode.c.objc; path = IWDiscoverViewController.m; sourceTree = "<group>"; };
		F30A849F1D51B9C800B00B40 /* IWMeViewController.h */ = {isa = PBXFileReference; fileEncoding = 4; lastKnownFileType = sourcecode.c.h; path = IWMeViewController.h; sourceTree = "<group>"; };
		F30A84A01D51B9C800B00B40 /* IWMeViewController.m */ = {isa = PBXFileReference; fileEncoding = 4; lastKnownFileType = sourcecode.c.objc; path = IWMeViewController.m; sourceTree = "<group>"; };
		F30A84A51D51B9C800B00B40 /* IWHomeViewController.h */ = {isa = PBXFileReference; fileEncoding = 4; lastKnownFileType = sourcecode.c.h; path = IWHomeViewController.h; sourceTree = "<group>"; };
		F30A84A61D51B9C800B00B40 /* IWHomeViewController.m */ = {isa = PBXFileReference; fileEncoding = 4; lastKnownFileType = sourcecode.c.objc; path = IWHomeViewController.m; sourceTree = "<group>"; };
		F30A84AB1D51B9C800B00B40 /* IWMessageViewController.h */ = {isa = PBXFileReference; fileEncoding = 4; lastKnownFileType = sourcecode.c.h; path = IWMessageViewController.h; sourceTree = "<group>"; };
		F30A84AC1D51B9C800B00B40 /* IWMessageViewController.m */ = {isa = PBXFileReference; fileEncoding = 4; lastKnownFileType = sourcecode.c.objc; path = IWMessageViewController.m; sourceTree = "<group>"; };
		F30A84B51D51BAE900B00B40 /* PrefixHeader.pch */ = {isa = PBXFileReference; lastKnownFileType = sourcecode.c.h; path = PrefixHeader.pch; sourceTree = "<group>"; };
		F30A84B91D51CA6800B00B40 /* MainTabBarViewController.h */ = {isa = PBXFileReference; fileEncoding = 4; lastKnownFileType = sourcecode.c.h; path = MainTabBarViewController.h; sourceTree = "<group>"; };
		F30A84BA1D51CA6800B00B40 /* MainTabBarViewController.m */ = {isa = PBXFileReference; fileEncoding = 4; lastKnownFileType = sourcecode.c.objc; path = MainTabBarViewController.m; sourceTree = "<group>"; };
		F30A84BC1D51E70F00B00B40 /* CustomTabbar.h */ = {isa = PBXFileReference; fileEncoding = 4; lastKnownFileType = sourcecode.c.h; path = CustomTabbar.h; sourceTree = "<group>"; };
		F30A84BD1D51E70F00B00B40 /* CustomTabbar.m */ = {isa = PBXFileReference; fileEncoding = 4; lastKnownFileType = sourcecode.c.objc; path = CustomTabbar.m; sourceTree = "<group>"; };
		F30A84BF1D51E9FC00B00B40 /* CustomTabBarButton.h */ = {isa = PBXFileReference; fileEncoding = 4; lastKnownFileType = sourcecode.c.h; path = CustomTabBarButton.h; sourceTree = "<group>"; };
		F30A84C01D51E9FC00B00B40 /* CustomTabBarButton.m */ = {isa = PBXFileReference; fileEncoding = 4; lastKnownFileType = sourcecode.c.objc; path = CustomTabBarButton.m; sourceTree = "<group>"; };
		F30A84C21D51EA9D00B00B40 /* CustomBadgeButton.h */ = {isa = PBXFileReference; fileEncoding = 4; lastKnownFileType = sourcecode.c.h; path = CustomBadgeButton.h; sourceTree = "<group>"; };
		F30A84C31D51EA9D00B00B40 /* CustomBadgeButton.m */ = {isa = PBXFileReference; fileEncoding = 4; lastKnownFileType = sourcecode.c.objc; path = CustomBadgeButton.m; sourceTree = "<group>"; };
		F3BCA8E61D5469EB0040AE98 /* UIView+frame.h */ = {isa = PBXFileReference; fileEncoding = 4; lastKnownFileType = sourcecode.c.h; path = "UIView+frame.h"; sourceTree = "<group>"; };
		F3BCA8E71D5469EB0040AE98 /* UIView+frame.m */ = {isa = PBXFileReference; fileEncoding = 4; lastKnownFileType = sourcecode.c.objc; path = "UIView+frame.m"; sourceTree = "<group>"; };
		F3CBAE101D598041005D5A09 /* GuidePageViewController.h */ = {isa = PBXFileReference; fileEncoding = 4; lastKnownFileType = sourcecode.c.h; path = GuidePageViewController.h; sourceTree = "<group>"; };
		F3CBAE111D598041005D5A09 /* GuidePageViewController.m */ = {isa = PBXFileReference; fileEncoding = 4; lastKnownFileType = sourcecode.c.objc; path = GuidePageViewController.m; sourceTree = "<group>"; };
		F3DA74E01D581DE30004F675 /* MainNavigationController.h */ = {isa = PBXFileReference; fileEncoding = 4; lastKnownFileType = sourcecode.c.h; path = MainNavigationController.h; sourceTree = "<group>"; };
		F3DA74E11D581DE30004F675 /* MainNavigationController.m */ = {isa = PBXFileReference; fileEncoding = 4; lastKnownFileType = sourcecode.c.objc; path = MainNavigationController.m; sourceTree = "<group>"; };
		F3DA74E31D5851AB0004F675 /* UIBarButtonItem+HeadName.h */ = {isa = PBXFileReference; fileEncoding = 4; lastKnownFileType = sourcecode.c.h; name = "UIBarButtonItem+HeadName.h"; path = "../../Main/customView/UIBarButtonItem+HeadName.h"; sourceTree = "<group>"; };
		F3DA74E41D5851AB0004F675 /* UIBarButtonItem+HeadName.m */ = {isa = PBXFileReference; fileEncoding = 4; lastKnownFileType = sourcecode.c.objc; name = "UIBarButtonItem+HeadName.m"; path = "../../Main/customView/UIBarButtonItem+HeadName.m"; sourceTree = "<group>"; };
		F3DA74E61D5857CA0004F675 /* PublicMethod.h */ = {isa = PBXFileReference; fileEncoding = 4; lastKnownFileType = sourcecode.c.h; path = PublicMethod.h; sourceTree = "<group>"; };
		F3DA74E71D5857CA0004F675 /* PublicMethod.m */ = {isa = PBXFileReference; fileEncoding = 4; lastKnownFileType = sourcecode.c.objc; path = PublicMethod.m; sourceTree = "<group>"; };
		F3DA74E91D5858660004F675 /* UILabel+Size.h */ = {isa = PBXFileReference; fileEncoding = 4; lastKnownFileType = sourcecode.c.h; path = "UILabel+Size.h"; sourceTree = "<group>"; };
		F3DA74EA1D5858660004F675 /* UILabel+Size.m */ = {isa = PBXFileReference; fileEncoding = 4; lastKnownFileType = sourcecode.c.objc; path = "UILabel+Size.m"; sourceTree = "<group>"; };
		F3DA74EC1D5864C10004F675 /* UIImage+Size.h */ = {isa = PBXFileReference; fileEncoding = 4; lastKnownFileType = sourcecode.c.h; path = "UIImage+Size.h"; sourceTree = "<group>"; };
		F3DA74ED1D5864C10004F675 /* UIImage+Size.m */ = {isa = PBXFileReference; fileEncoding = 4; lastKnownFileType = sourcecode.c.objc; path = "UIImage+Size.m"; sourceTree = "<group>"; };
		F3DA74F01D5873C40004F675 /* IWTitleButton.h */ = {isa = PBXFileReference; fileEncoding = 4; lastKnownFileType = sourcecode.c.h; path = IWTitleButton.h; sourceTree = "<group>"; };
		F3DA74F11D5873C40004F675 /* IWTitleButton.m */ = {isa = PBXFileReference; fileEncoding = 4; lastKnownFileType = sourcecode.c.objc; path = IWTitleButton.m; sourceTree = "<group>"; };
		F3DA74F81D587A7B0004F675 /* TitleView.xib */ = {isa = PBXFileReference; fileEncoding = 4; lastKnownFileType = file.xib; path = TitleView.xib; sourceTree = "<group>"; };
		F3DA74FA1D587A940004F675 /* TitleView.h */ = {isa = PBXFileReference; fileEncoding = 4; lastKnownFileType = sourcecode.c.h; path = TitleView.h; sourceTree = "<group>"; };
		F3DA74FB1D587A940004F675 /* TitleView.m */ = {isa = PBXFileReference; fileEncoding = 4; lastKnownFileType = sourcecode.c.objc; path = TitleView.m; sourceTree = "<group>"; };
/* End PBXFileReference section */

/* Begin PBXFrameworksBuildPhase section */
		F30A845E1D519AD400B00B40 /* Frameworks */ = {
			isa = PBXFrameworksBuildPhase;
			buildActionMask = 2147483647;
			files = (
				AB2190913DD03E155805E2E7 /* libPods-TestOCWeiBo.a in Frameworks */,
			);
			runOnlyForDeploymentPostprocessing = 0;
		};
		F30A84771D519AD400B00B40 /* Frameworks */ = {
			isa = PBXFrameworksBuildPhase;
			buildActionMask = 2147483647;
			files = (
			);
			runOnlyForDeploymentPostprocessing = 0;
		};
		F30A84821D519AD400B00B40 /* Frameworks */ = {
			isa = PBXFrameworksBuildPhase;
			buildActionMask = 2147483647;
			files = (
			);
			runOnlyForDeploymentPostprocessing = 0;
		};
/* End PBXFrameworksBuildPhase section */

/* Begin PBXGroup section */
		4F7637224BAE521D8738123E /* Pods */ = {
			isa = PBXGroup;
			children = (
				535FCB20937B5945E76A00C1 /* Pods-TestOCWeiBo.debug.xcconfig */,
				8135EEEB9740D02E5725D6C7 /* Pods-TestOCWeiBo.release.xcconfig */,
			);
			name = Pods;
			sourceTree = "<group>";
		};
		936388AC9CE89878D95AC9D8 /* Frameworks */ = {
			isa = PBXGroup;
			children = (
				9320DA87FF26610F54F6C4CE /* libPods-TestOCWeiBo.a */,
			);
			name = Frameworks;
			sourceTree = "<group>";
		};
		F30A84581D519AD400B00B40 = {
			isa = PBXGroup;
			children = (
				F30A84631D519AD400B00B40 /* TestOCWeiBo */,
				F30A847D1D519AD400B00B40 /* TestOCWeiBoTests */,
				F30A84881D519AD400B00B40 /* TestOCWeiBoUITests */,
				F30A84621D519AD400B00B40 /* Products */,
				4F7637224BAE521D8738123E /* Pods */,
				936388AC9CE89878D95AC9D8 /* Frameworks */,
			);
			sourceTree = "<group>";
		};
		F30A84621D519AD400B00B40 /* Products */ = {
			isa = PBXGroup;
			children = (
				F30A84611D519AD400B00B40 /* TestOCWeiBo.app */,
				F30A847A1D519AD400B00B40 /* TestOCWeiBoTests.xctest */,
				F30A84851D519AD400B00B40 /* TestOCWeiBoUITests.xctest */,
			);
			name = Products;
			sourceTree = "<group>";
		};
		F30A84631D519AD400B00B40 /* TestOCWeiBo */ = {
			isa = PBXGroup;
			children = (
				F30A84B31D51BA1700B00B40 /* Class */,
				F30A84B41D51BA7000B00B40 /* Other */,
				F3BCA8E31D5468DB0040AE98 /* Lib */,
				F3BCA8E41D5468EC0040AE98 /* CustomView */,
				F30A84641D519AD400B00B40 /* Supporting Files */,
			);
			path = TestOCWeiBo;
			sourceTree = "<group>";
		};
		F30A84641D519AD400B00B40 /* Supporting Files */ = {
			isa = PBXGroup;
			children = (
				F30A84651D519AD400B00B40 /* main.m */,
			);
			name = "Supporting Files";
			sourceTree = "<group>";
		};
		F30A847D1D519AD400B00B40 /* TestOCWeiBoTests */ = {
			isa = PBXGroup;
			children = (
				F30A847E1D519AD400B00B40 /* TestOCWeiBoTests.m */,
				F30A84801D519AD400B00B40 /* Info.plist */,
			);
			path = TestOCWeiBoTests;
			sourceTree = "<group>";
		};
		F30A84881D519AD400B00B40 /* TestOCWeiBoUITests */ = {
			isa = PBXGroup;
			children = (
				F30A84891D519AD400B00B40 /* TestOCWeiBoUITests.m */,
				F30A848B1D519AD400B00B40 /* Info.plist */,
			);
			path = TestOCWeiBoUITests;
			sourceTree = "<group>";
		};
		F30A84971D51B9C800B00B40 /* Discover(广场) */ = {
			isa = PBXGroup;
			children = (
				F30A84981D51B9C800B00B40 /* Controller */,
				F30A849B1D51B9C800B00B40 /* Model */,
				F30A849C1D51B9C800B00B40 /* View */,
			);
			name = "Discover(广场)";
			path = "../Discover(广场)";
			sourceTree = "<group>";
		};
		F30A84981D51B9C800B00B40 /* Controller */ = {
			isa = PBXGroup;
			children = (
				F30A84991D51B9C800B00B40 /* IWDiscoverViewController.h */,
				F30A849A1D51B9C800B00B40 /* IWDiscoverViewController.m */,
			);
			path = Controller;
			sourceTree = "<group>";
		};
		F30A849B1D51B9C800B00B40 /* Model */ = {
			isa = PBXGroup;
			children = (
			);
			path = Model;
			sourceTree = "<group>";
		};
		F30A849C1D51B9C800B00B40 /* View */ = {
			isa = PBXGroup;
			children = (
			);
			path = View;
			sourceTree = "<group>";
		};
		F30A849D1D51B9C800B00B40 /* Me(我) */ = {
			isa = PBXGroup;
			children = (
				F30A849E1D51B9C800B00B40 /* Controller */,
				F30A84A11D51B9C800B00B40 /* Model */,
				F30A84A21D51B9C800B00B40 /* View */,
			);
			name = "Me(我)";
			path = "../Me(我)";
			sourceTree = "<group>";
		};
		F30A849E1D51B9C800B00B40 /* Controller */ = {
			isa = PBXGroup;
			children = (
				F30A849F1D51B9C800B00B40 /* IWMeViewController.h */,
				F30A84A01D51B9C800B00B40 /* IWMeViewController.m */,
			);
			path = Controller;
			sourceTree = "<group>";
		};
		F30A84A11D51B9C800B00B40 /* Model */ = {
			isa = PBXGroup;
			children = (
			);
			path = Model;
			sourceTree = "<group>";
		};
		F30A84A21D51B9C800B00B40 /* View */ = {
			isa = PBXGroup;
			children = (
			);
			path = View;
			sourceTree = "<group>";
		};
		F30A84A31D51B9C800B00B40 /* Home(首页) */ = {
			isa = PBXGroup;
			children = (
				F30A84A41D51B9C800B00B40 /* Controller */,
				F30A84A71D51B9C800B00B40 /* Model */,
				F30A84A81D51B9C800B00B40 /* View */,
			);
			name = "Home(首页)";
			path = "../Home(首页)";
			sourceTree = "<group>";
		};
		F30A84A41D51B9C800B00B40 /* Controller */ = {
			isa = PBXGroup;
			children = (
				F30A84A51D51B9C800B00B40 /* IWHomeViewController.h */,
				F30A84A61D51B9C800B00B40 /* IWHomeViewController.m */,
			);
			path = Controller;
			sourceTree = "<group>";
		};
		F30A84A71D51B9C800B00B40 /* Model */ = {
			isa = PBXGroup;
			children = (
			);
			path = Model;
			sourceTree = "<group>";
		};
		F30A84A81D51B9C800B00B40 /* View */ = {
			isa = PBXGroup;
			children = (
			);
			path = View;
			sourceTree = "<group>";
		};
		F30A84A91D51B9C800B00B40 /* Message(消息) */ = {
			isa = PBXGroup;
			children = (
				F30A84AA1D51B9C800B00B40 /* Controller */,
				F30A84AD1D51B9C800B00B40 /* Model */,
				F30A84AE1D51B9C800B00B40 /* View */,
			);
			name = "Message(消息)";
			path = "../Message(消息)";
			sourceTree = "<group>";
		};
		F30A84AA1D51B9C800B00B40 /* Controller */ = {
			isa = PBXGroup;
			children = (
				F30A84AB1D51B9C800B00B40 /* IWMessageViewController.h */,
				F30A84AC1D51B9C800B00B40 /* IWMessageViewController.m */,
			);
			path = Controller;
			sourceTree = "<group>";
		};
		F30A84AD1D51B9C800B00B40 /* Model */ = {
			isa = PBXGroup;
			children = (
			);
			path = Model;
			sourceTree = "<group>";
		};
		F30A84AE1D51B9C800B00B40 /* View */ = {
			isa = PBXGroup;
			children = (
			);
			path = View;
			sourceTree = "<group>";
		};
		F30A84B31D51BA1700B00B40 /* Class */ = {
			isa = PBXGroup;
			children = (
				F30A84B61D51C97A00B00B40 /* Main */,
				F30A84971D51B9C800B00B40 /* Discover(广场) */,
				F30A849D1D51B9C800B00B40 /* Me(我) */,
				F30A84A31D51B9C800B00B40 /* Home(首页) */,
				F30A84A91D51B9C800B00B40 /* Message(消息) */,
			);
			path = Class;
			sourceTree = "<group>";
		};
		F30A84B41D51BA7000B00B40 /* Other */ = {
			isa = PBXGroup;
			children = (
				F30A84671D519AD400B00B40 /* AppDelegate.h */,
				F30A84681D519AD400B00B40 /* AppDelegate.m */,
				F30A84701D519AD400B00B40 /* Assets.xcassets */,
				F30A84721D519AD400B00B40 /* LaunchScreen.storyboard */,
				F30A84751D519AD400B00B40 /* Info.plist */,
				F30A84B51D51BAE900B00B40 /* PrefixHeader.pch */,
			);
			path = Other;
			sourceTree = "<group>";
		};
		F30A84B61D51C97A00B00B40 /* Main */ = {
			isa = PBXGroup;
			children = (
				F30A84B81D51C9BB00B00B40 /* Class */,
				F30A84B71D51C99800B00B40 /* CustomView */,
			);
			name = Main;
			path = ../Main;
			sourceTree = "<group>";
		};
		F30A84B71D51C99800B00B40 /* CustomView */ = {
			isa = PBXGroup;
			children = (
				F30A84BC1D51E70F00B00B40 /* CustomTabbar.h */,
				F30A84BD1D51E70F00B00B40 /* CustomTabbar.m */,
				F30A84BF1D51E9FC00B00B40 /* CustomTabBarButton.h */,
				F30A84C01D51E9FC00B00B40 /* CustomTabBarButton.m */,
				F30A84C21D51EA9D00B00B40 /* CustomBadgeButton.h */,
				F30A84C31D51EA9D00B00B40 /* CustomBadgeButton.m */,
				F3DA74E61D5857CA0004F675 /* PublicMethod.h */,
				F3DA74E71D5857CA0004F675 /* PublicMethod.m */,
			);
			name = CustomView;
			path = customView;
			sourceTree = "<group>";
		};
		F30A84B81D51C9BB00B00B40 /* Class */ = {
			isa = PBXGroup;
			children = (
				F30A84B91D51CA6800B00B40 /* MainTabBarViewController.h */,
				F30A84BA1D51CA6800B00B40 /* MainTabBarViewController.m */,
				F3DA74E01D581DE30004F675 /* MainNavigationController.h */,
				F3DA74E11D581DE30004F675 /* MainNavigationController.m */,
				F3CBAE101D598041005D5A09 /* GuidePageViewController.h */,
				F3CBAE111D598041005D5A09 /* GuidePageViewController.m */,
			);
			path = Class;
			sourceTree = "<group>";
		};
		F3BCA8E31D5468DB0040AE98 /* Lib */ = {
			isa = PBXGroup;
			children = (
			);
			path = Lib;
			sourceTree = "<group>";
		};
		F3BCA8E41D5468EC0040AE98 /* CustomView */ = {
			isa = PBXGroup;
			children = (
				F3DA74EF1D5873B90004F675 /* view */,
				F3BCA8E51D5469B90040AE98 /* Category */,
			);
			path = CustomView;
			sourceTree = "<group>";
		};
		F3BCA8E51D5469B90040AE98 /* Category */ = {
			isa = PBXGroup;
			children = (
				F3DA74E31D5851AB0004F675 /* UIBarButtonItem+HeadName.h */,
				F3DA74E41D5851AB0004F675 /* UIBarButtonItem+HeadName.m */,
				F3BCA8E61D5469EB0040AE98 /* UIView+frame.h */,
				F3BCA8E71D5469EB0040AE98 /* UIView+frame.m */,
				F3DA74E91D5858660004F675 /* UILabel+Size.h */,
				F3DA74EA1D5858660004F675 /* UILabel+Size.m */,
				F3DA74EC1D5864C10004F675 /* UIImage+Size.h */,
				F3DA74ED1D5864C10004F675 /* UIImage+Size.m */,
			);
			path = Category;
			sourceTree = "<group>";
		};
		F3DA74EF1D5873B90004F675 /* view */ = {
			isa = PBXGroup;
			children = (
				F3DA74F01D5873C40004F675 /* IWTitleButton.h */,
				F3DA74F11D5873C40004F675 /* IWTitleButton.m */,
				F3DA74FA1D587A940004F675 /* TitleView.h */,
				F3DA74FB1D587A940004F675 /* TitleView.m */,
				F3DA74F81D587A7B0004F675 /* TitleView.xib */,
			);
			path = view;
			sourceTree = "<group>";
		};
/* End PBXGroup section */

/* Begin PBXNativeTarget section */
		F30A84601D519AD400B00B40 /* TestOCWeiBo */ = {
			isa = PBXNativeTarget;
			buildConfigurationList = F30A848E1D519AD400B00B40 /* Build configuration list for PBXNativeTarget "TestOCWeiBo" */;
			buildPhases = (
				306AD992CA2CEF9E7EF7C533 /* [CP] Check Pods Manifest.lock */,
				F30A845D1D519AD400B00B40 /* Sources */,
				F30A845E1D519AD400B00B40 /* Frameworks */,
				F30A845F1D519AD400B00B40 /* Resources */,
				AB819D30E8EE2DB1A12756C4 /* [CP] Embed Pods Frameworks */,
				CF9CD93D932700AA8980F733 /* [CP] Copy Pods Resources */,
			);
			buildRules = (
			);
			dependencies = (
			);
			name = TestOCWeiBo;
			productName = TestOCWeiBo;
			productReference = F30A84611D519AD400B00B40 /* TestOCWeiBo.app */;
			productType = "com.apple.product-type.application";
		};
		F30A84791D519AD400B00B40 /* TestOCWeiBoTests */ = {
			isa = PBXNativeTarget;
			buildConfigurationList = F30A84911D519AD400B00B40 /* Build configuration list for PBXNativeTarget "TestOCWeiBoTests" */;
			buildPhases = (
				F30A84761D519AD400B00B40 /* Sources */,
				F30A84771D519AD400B00B40 /* Frameworks */,
				F30A84781D519AD400B00B40 /* Resources */,
			);
			buildRules = (
			);
			dependencies = (
				F30A847C1D519AD400B00B40 /* PBXTargetDependency */,
			);
			name = TestOCWeiBoTests;
			productName = TestOCWeiBoTests;
			productReference = F30A847A1D519AD400B00B40 /* TestOCWeiBoTests.xctest */;
			productType = "com.apple.product-type.bundle.unit-test";
		};
		F30A84841D519AD400B00B40 /* TestOCWeiBoUITests */ = {
			isa = PBXNativeTarget;
			buildConfigurationList = F30A84941D519AD400B00B40 /* Build configuration list for PBXNativeTarget "TestOCWeiBoUITests" */;
			buildPhases = (
				F30A84811D519AD400B00B40 /* Sources */,
				F30A84821D519AD400B00B40 /* Frameworks */,
				F30A84831D519AD400B00B40 /* Resources */,
			);
			buildRules = (
			);
			dependencies = (
				F30A84871D519AD400B00B40 /* PBXTargetDependency */,
			);
			name = TestOCWeiBoUITests;
			productName = TestOCWeiBoUITests;
			productReference = F30A84851D519AD400B00B40 /* TestOCWeiBoUITests.xctest */;
			productType = "com.apple.product-type.bundle.ui-testing";
		};
/* End PBXNativeTarget section */

/* Begin PBXProject section */
		F30A84591D519AD400B00B40 /* Project object */ = {
			isa = PBXProject;
			attributes = {
				LastUpgradeCheck = 0730;
				ORGANIZATIONNAME = winbei;
				TargetAttributes = {
					F30A84601D519AD400B00B40 = {
						CreatedOnToolsVersion = 7.3.1;
					};
					F30A84791D519AD400B00B40 = {
						CreatedOnToolsVersion = 7.3.1;
						TestTargetID = F30A84601D519AD400B00B40;
					};
					F30A84841D519AD400B00B40 = {
						CreatedOnToolsVersion = 7.3.1;
						TestTargetID = F30A84601D519AD400B00B40;
					};
				};
			};
			buildConfigurationList = F30A845C1D519AD400B00B40 /* Build configuration list for PBXProject "TestOCWeiBo" */;
			compatibilityVersion = "Xcode 3.2";
			developmentRegion = English;
			hasScannedForEncodings = 0;
			knownRegions = (
				en,
				Base,
			);
			mainGroup = F30A84581D519AD400B00B40;
			productRefGroup = F30A84621D519AD400B00B40 /* Products */;
			projectDirPath = "";
			projectRoot = "";
			targets = (
				F30A84601D519AD400B00B40 /* TestOCWeiBo */,
				F30A84791D519AD400B00B40 /* TestOCWeiBoTests */,
				F30A84841D519AD400B00B40 /* TestOCWeiBoUITests */,
			);
		};
/* End PBXProject section */

/* Begin PBXResourcesBuildPhase section */
		F30A845F1D519AD400B00B40 /* Resources */ = {
			isa = PBXResourcesBuildPhase;
			buildActionMask = 2147483647;
			files = (
				F30A84741D519AD400B00B40 /* LaunchScreen.storyboard in Resources */,
				F30A84711D519AD400B00B40 /* Assets.xcassets in Resources */,
				F3DA74F91D587A7B0004F675 /* TitleView.xib in Resources */,
			);
			runOnlyForDeploymentPostprocessing = 0;
		};
		F30A84781D519AD400B00B40 /* Resources */ = {
			isa = PBXResourcesBuildPhase;
			buildActionMask = 2147483647;
			files = (
			);
			runOnlyForDeploymentPostprocessing = 0;
		};
		F30A84831D519AD400B00B40 /* Resources */ = {
			isa = PBXResourcesBuildPhase;
			buildActionMask = 2147483647;
			files = (
			);
			runOnlyForDeploymentPostprocessing = 0;
		};
/* End PBXResourcesBuildPhase section */

/* Begin PBXShellScriptBuildPhase section */
		306AD992CA2CEF9E7EF7C533 /* [CP] Check Pods Manifest.lock */ = {
			isa = PBXShellScriptBuildPhase;
			buildActionMask = 2147483647;
			files = (
			);
			inputPaths = (
			);
			name = "[CP] Check Pods Manifest.lock";
			outputPaths = (
			);
			runOnlyForDeploymentPostprocessing = 0;
			shellPath = /bin/sh;
			shellScript = "diff \"${PODS_ROOT}/../Podfile.lock\" \"${PODS_ROOT}/Manifest.lock\" > /dev/null\nif [[ $? != 0 ]] ; then\n    cat << EOM\nerror: The sandbox is not in sync with the Podfile.lock. Run 'pod install' or update your CocoaPods installation.\nEOM\n    exit 1\nfi\n";
			showEnvVarsInLog = 0;
		};
		AB819D30E8EE2DB1A12756C4 /* [CP] Embed Pods Frameworks */ = {
			isa = PBXShellScriptBuildPhase;
			buildActionMask = 2147483647;
			files = (
			);
			inputPaths = (
			);
			name = "[CP] Embed Pods Frameworks";
			outputPaths = (
			);
			runOnlyForDeploymentPostprocessing = 0;
			shellPath = /bin/sh;
			shellScript = "\"${SRCROOT}/Pods/Target Support Files/Pods-TestOCWeiBo/Pods-TestOCWeiBo-frameworks.sh\"\n";
			showEnvVarsInLog = 0;
		};
		CF9CD93D932700AA8980F733 /* [CP] Copy Pods Resources */ = {
			isa = PBXShellScriptBuildPhase;
			buildActionMask = 2147483647;
			files = (
			);
			inputPaths = (
			);
			name = "[CP] Copy Pods Resources";
			outputPaths = (
			);
			runOnlyForDeploymentPostprocessing = 0;
			shellPath = /bin/sh;
			shellScript = "\"${SRCROOT}/Pods/Target Support Files/Pods-TestOCWeiBo/Pods-TestOCWeiBo-resources.sh\"\n";
			showEnvVarsInLog = 0;
		};
/* End PBXShellScriptBuildPhase section */

/* Begin PBXSourcesBuildPhase section */
		F30A845D1D519AD400B00B40 /* Sources */ = {
			isa = PBXSourcesBuildPhase;
			buildActionMask = 2147483647;
			files = (
				F3DA74EE1D5864C10004F675 /* UIImage+Size.m in Sources */,
				F30A84BE1D51E70F00B00B40 /* CustomTabbar.m in Sources */,
				F30A84BB1D51CA6800B00B40 /* MainTabBarViewController.m in Sources */,
				F3DA74EB1D5858660004F675 /* UILabel+Size.m in Sources */,
				F3DA74F21D5873C40004F675 /* IWTitleButton.m in Sources */,
				F3DA74E21D581DE30004F675 /* MainNavigationController.m in Sources */,
				F30A84B11D51B9C800B00B40 /* IWHomeViewController.m in Sources */,
				F3DA74FC1D587A940004F675 /* TitleView.m in Sources */,
				F3DA74E51D5851AB0004F675 /* UIBarButtonItem+HeadName.m in Sources */,
				F3DA74E81D5857CA0004F675 /* PublicMethod.m in Sources */,
				F30A84691D519AD400B00B40 /* AppDelegate.m in Sources */,
				F30A84C41D51EA9D00B00B40 /* CustomBadgeButton.m in Sources */,
				F30A84661D519AD400B00B40 /* main.m in Sources */,
				F30A84B21D51B9C800B00B40 /* IWMessageViewController.m in Sources */,
				F3CBAE121D598041005D5A09 /* GuidePageViewController.m in Sources */,
				F3BCA8E81D5469EB0040AE98 /* UIView+frame.m in Sources */,
				F30A84B01D51B9C800B00B40 /* IWMeViewController.m in Sources */,
				F30A84C11D51E9FC00B00B40 /* CustomTabBarButton.m in Sources */,
				F30A84AF1D51B9C800B00B40 /* IWDiscoverViewController.m in Sources */,
			);
			runOnlyForDeploymentPostprocessing = 0;
		};
		F30A84761D519AD400B00B40 /* Sources */ = {
			isa = PBXSourcesBuildPhase;
			buildActionMask = 2147483647;
			files = (
				F30A847F1D519AD400B00B40 /* TestOCWeiBoTests.m in Sources */,
			);
			runOnlyForDeploymentPostprocessing = 0;
		};
		F30A84811D519AD400B00B40 /* Sources */ = {
			isa = PBXSourcesBuildPhase;
			buildActionMask = 2147483647;
			files = (
				F30A848A1D519AD400B00B40 /* TestOCWeiBoUITests.m in Sources */,
			);
			runOnlyForDeploymentPostprocessing = 0;
		};
/* End PBXSourcesBuildPhase section */

/* Begin PBXTargetDependency section */
		F30A847C1D519AD400B00B40 /* PBXTargetDependency */ = {
			isa = PBXTargetDependency;
			target = F30A84601D519AD400B00B40 /* TestOCWeiBo */;
			targetProxy = F30A847B1D519AD400B00B40 /* PBXContainerItemProxy */;
		};
		F30A84871D519AD400B00B40 /* PBXTargetDependency */ = {
			isa = PBXTargetDependency;
			target = F30A84601D519AD400B00B40 /* TestOCWeiBo */;
			targetProxy = F30A84861D519AD400B00B40 /* PBXContainerItemProxy */;
		};
/* End PBXTargetDependency section */

/* Begin PBXVariantGroup section */
		F30A84721D519AD400B00B40 /* LaunchScreen.storyboard */ = {
			isa = PBXVariantGroup;
			children = (
				F30A84731D519AD400B00B40 /* Base */,
			);
			name = LaunchScreen.storyboard;
			path = ..;
			sourceTree = "<group>";
		};
/* End PBXVariantGroup section */

/* Begin XCBuildConfiguration section */
		F30A848C1D519AD400B00B40 /* Debug */ = {
			isa = XCBuildConfiguration;
			buildSettings = {
				ALWAYS_SEARCH_USER_PATHS = NO;
				CLANG_ANALYZER_NONNULL = YES;
				CLANG_CXX_LANGUAGE_STANDARD = "gnu++0x";
				CLANG_CXX_LIBRARY = "libc++";
				CLANG_ENABLE_MODULES = YES;
				CLANG_ENABLE_OBJC_ARC = YES;
				CLANG_WARN_BOOL_CONVERSION = YES;
				CLANG_WARN_CONSTANT_CONVERSION = YES;
				CLANG_WARN_DIRECT_OBJC_ISA_USAGE = YES_ERROR;
				CLANG_WARN_EMPTY_BODY = YES;
				CLANG_WARN_ENUM_CONVERSION = YES;
				CLANG_WARN_INT_CONVERSION = YES;
				CLANG_WARN_OBJC_ROOT_CLASS = YES_ERROR;
				CLANG_WARN_UNREACHABLE_CODE = YES;
				CLANG_WARN__DUPLICATE_METHOD_MATCH = YES;
				"CODE_SIGN_IDENTITY[sdk=iphoneos*]" = "iPhone Developer";
				COPY_PHASE_STRIP = NO;
				DEBUG_INFORMATION_FORMAT = dwarf;
				ENABLE_STRICT_OBJC_MSGSEND = YES;
				ENABLE_TESTABILITY = YES;
				GCC_C_LANGUAGE_STANDARD = gnu99;
				GCC_DYNAMIC_NO_PIC = NO;
				GCC_NO_COMMON_BLOCKS = YES;
				GCC_OPTIMIZATION_LEVEL = 0;
				GCC_PREPROCESSOR_DEFINITIONS = (
					"DEBUG=1",
					"$(inherited)",
				);
				GCC_WARN_64_TO_32_BIT_CONVERSION = YES;
				GCC_WARN_ABOUT_RETURN_TYPE = YES_ERROR;
				GCC_WARN_UNDECLARED_SELECTOR = YES;
				GCC_WARN_UNINITIALIZED_AUTOS = YES_AGGRESSIVE;
				GCC_WARN_UNUSED_FUNCTION = YES;
				GCC_WARN_UNUSED_VARIABLE = YES;
				IPHONEOS_DEPLOYMENT_TARGET = 9.3;
				MTL_ENABLE_DEBUG_INFO = YES;
				ONLY_ACTIVE_ARCH = YES;
				SDKROOT = iphoneos;
				TARGETED_DEVICE_FAMILY = "1,2";
			};
			name = Debug;
		};
		F30A848D1D519AD400B00B40 /* Release */ = {
			isa = XCBuildConfiguration;
			buildSettings = {
				ALWAYS_SEARCH_USER_PATHS = NO;
				CLANG_ANALYZER_NONNULL = YES;
				CLANG_CXX_LANGUAGE_STANDARD = "gnu++0x";
				CLANG_CXX_LIBRARY = "libc++";
				CLANG_ENABLE_MODULES = YES;
				CLANG_ENABLE_OBJC_ARC = YES;
				CLANG_WARN_BOOL_CONVERSION = YES;
				CLANG_WARN_CONSTANT_CONVERSION = YES;
				CLANG_WARN_DIRECT_OBJC_ISA_USAGE = YES_ERROR;
				CLANG_WARN_EMPTY_BODY = YES;
				CLANG_WARN_ENUM_CONVERSION = YES;
				CLANG_WARN_INT_CONVERSION = YES;
				CLANG_WARN_OBJC_ROOT_CLASS = YES_ERROR;
				CLANG_WARN_UNREACHABLE_CODE = YES;
				CLANG_WARN__DUPLICATE_METHOD_MATCH = YES;
				"CODE_SIGN_IDENTITY[sdk=iphoneos*]" = "iPhone Developer";
				COPY_PHASE_STRIP = NO;
				DEBUG_INFORMATION_FORMAT = "dwarf-with-dsym";
				ENABLE_NS_ASSERTIONS = NO;
				ENABLE_STRICT_OBJC_MSGSEND = YES;
				GCC_C_LANGUAGE_STANDARD = gnu99;
				GCC_NO_COMMON_BLOCKS = YES;
				GCC_WARN_64_TO_32_BIT_CONVERSION = YES;
				GCC_WARN_ABOUT_RETURN_TYPE = YES_ERROR;
				GCC_WARN_UNDECLARED_SELECTOR = YES;
				GCC_WARN_UNINITIALIZED_AUTOS = YES_AGGRESSIVE;
				GCC_WARN_UNUSED_FUNCTION = YES;
				GCC_WARN_UNUSED_VARIABLE = YES;
				IPHONEOS_DEPLOYMENT_TARGET = 9.3;
				MTL_ENABLE_DEBUG_INFO = NO;
				SDKROOT = iphoneos;
				TARGETED_DEVICE_FAMILY = "1,2";
				VALIDATE_PRODUCT = YES;
			};
			name = Release;
		};
		F30A848F1D519AD400B00B40 /* Debug */ = {
			isa = XCBuildConfiguration;
			baseConfigurationReference = 535FCB20937B5945E76A00C1 /* Pods-TestOCWeiBo.debug.xcconfig */;
			buildSettings = {
				ASSETCATALOG_COMPILER_APPICON_NAME = AppIcon;
				GCC_PREFIX_HEADER = "/Users/winbei/Desktop/测试1/TestOcWeiBo/TestOCWeiBo/TestOCWeiBo/Other/PrefixHeader.pch";
				INFOPLIST_FILE = TestOCWeiBo/Info.plist;
				LD_RUNPATH_SEARCH_PATHS = "$(inherited) @executable_path/Frameworks";
				PRODUCT_BUNDLE_IDENTIFIER = winbei.TestOCWeiBo;
				PRODUCT_NAME = "$(TARGET_NAME)";
			};
			name = Debug;
		};
		F30A84901D519AD400B00B40 /* Release */ = {
			isa = XCBuildConfiguration;
			baseConfigurationReference = 8135EEEB9740D02E5725D6C7 /* Pods-TestOCWeiBo.release.xcconfig */;
			buildSettings = {
				ASSETCATALOG_COMPILER_APPICON_NAME = AppIcon;
				GCC_PREFIX_HEADER = "/Users/winbei/Desktop/测试1/TestOcWeiBo/TestOCWeiBo/TestOCWeiBo/Other/PrefixHeader.pch";
				INFOPLIST_FILE = TestOCWeiBo/Info.plist;
				LD_RUNPATH_SEARCH_PATHS = "$(inherited) @executable_path/Frameworks";
				PRODUCT_BUNDLE_IDENTIFIER = winbei.TestOCWeiBo;
				PRODUCT_NAME = "$(TARGET_NAME)";
			};
			name = Release;
		};
		F30A84921D519AD400B00B40 /* Debug */ = {
			isa = XCBuildConfiguration;
			buildSettings = {
				BUNDLE_LOADER = "$(TEST_HOST)";
				INFOPLIST_FILE = TestOCWeiBoTests/Info.plist;
				LD_RUNPATH_SEARCH_PATHS = "$(inherited) @executable_path/Frameworks @loader_path/Frameworks";
				PRODUCT_BUNDLE_IDENTIFIER = winbei.TestOCWeiBoTests;
				PRODUCT_NAME = "$(TARGET_NAME)";
				TEST_HOST = "$(BUILT_PRODUCTS_DIR)/TestOCWeiBo.app/TestOCWeiBo";
			};
			name = Debug;
		};
		F30A84931D519AD400B00B40 /* Release */ = {
			isa = XCBuildConfiguration;
			buildSettings = {
				BUNDLE_LOADER = "$(TEST_HOST)";
				INFOPLIST_FILE = TestOCWeiBoTests/Info.plist;
				LD_RUNPATH_SEARCH_PATHS = "$(inherited) @executable_path/Frameworks @loader_path/Frameworks";
				PRODUCT_BUNDLE_IDENTIFIER = winbei.TestOCWeiBoTests;
				PRODUCT_NAME = "$(TARGET_NAME)";
				TEST_HOST = "$(BUILT_PRODUCTS_DIR)/TestOCWeiBo.app/TestOCWeiBo";
			};
			name = Release;
		};
		F30A84951D519AD400B00B40 /* Debug */ = {
			isa = XCBuildConfiguration;
			buildSettings = {
				INFOPLIST_FILE = TestOCWeiBoUITests/Info.plist;
				LD_RUNPATH_SEARCH_PATHS = "$(inherited) @executable_path/Frameworks @loader_path/Frameworks";
				PRODUCT_BUNDLE_IDENTIFIER = winbei.TestOCWeiBoUITests;
				PRODUCT_NAME = "$(TARGET_NAME)";
				TEST_TARGET_NAME = TestOCWeiBo;
			};
			name = Debug;
		};
		F30A84961D519AD400B00B40 /* Release */ = {
			isa = XCBuildConfiguration;
			buildSettings = {
				INFOPLIST_FILE = TestOCWeiBoUITests/Info.plist;
				LD_RUNPATH_SEARCH_PATHS = "$(inherited) @executable_path/Frameworks @loader_path/Frameworks";
				PRODUCT_BUNDLE_IDENTIFIER = winbei.TestOCWeiBoUITests;
				PRODUCT_NAME = "$(TARGET_NAME)";
				TEST_TARGET_NAME = TestOCWeiBo;
			};
			name = Release;
		};
/* End XCBuildConfiguration section */

/* Begin XCConfigurationList section */
		F30A845C1D519AD400B00B40 /* Build configuration list for PBXProject "TestOCWeiBo" */ = {
			isa = XCConfigurationList;
			buildConfigurations = (
				F30A848C1D519AD400B00B40 /* Debug */,
				F30A848D1D519AD400B00B40 /* Release */,
			);
			defaultConfigurationIsVisible = 0;
			defaultConfigurationName = Release;
		};
		F30A848E1D519AD400B00B40 /* Build configuration list for PBXNativeTarget "TestOCWeiBo" */ = {
			isa = XCConfigurationList;
			buildConfigurations = (
				F30A848F1D519AD400B00B40 /* Debug */,
				F30A84901D519AD400B00B40 /* Release */,
			);
			defaultConfigurationIsVisible = 0;
			defaultConfigurationName = Release;
		};
		F30A84911D519AD400B00B40 /* Build configuration list for PBXNativeTarget "TestOCWeiBoTests" */ = {
			isa = XCConfigurationList;
			buildConfigurations = (
				F30A84921D519AD400B00B40 /* Debug */,
				F30A84931D519AD400B00B40 /* Release */,
			);
			defaultConfigurationIsVisible = 0;
			defaultConfigurationName = Release;
		};
		F30A84941D519AD400B00B40 /* Build configuration list for PBXNativeTarget "TestOCWeiBoUITests" */ = {
			isa = XCConfigurationList;
			buildConfigurations = (
				F30A84951D519AD400B00B40 /* Debug */,
				F30A84961D519AD400B00B40 /* Release */,
			);
			defaultConfigurationIsVisible = 0;
			defaultConfigurationName = Release;
		};
/* End XCConfigurationList section */
	};
	rootObject = F30A84591D519AD400B00B40 /* Project object */;
}
